
Microsoft Visual Studio Solution File, Format Version 12.00
# Visual Studio 15
VisualStudioVersion = 15.0.28307.106
MinimumVisualStudioVersion = 10.0.40219.1
Project("{FAE04EC0-301F-11D3-BF4B-00C04F79EFBC}") = "EFGetStarted.AspNetCore.ExistingDb", "EFGetStarted.AspNetCore.ExistingDb\EFGetStarted.AspNetCore.ExistingDb.csproj", "{A2A8C4E5-F247-4F67-8BD3-36FF7D43DFF3}"
EndProject
Global
	GlobalSection(SolutionConfigurationPlatforms) = preSolution
		Debug|Any CPU = Debug|Any CPU
		Release|Any CPU = Release|Any CPU
	EndGlobalSection
	GlobalSection(ProjectConfigurationPlatforms) = postSolution
		{A2A8C4E5-F247-4F67-8BD3-36FF7D43DFF3}.Debug|Any CPU.ActiveCfg = Debug|Any CPU
		{A2A8C4E5-F247-4F67-8BD3-36FF7D43DFF3}.Debug|Any CPU.Build.0 = Debug|Any CPU
		{A2A8C4E5-F247-4F67-8BD3-36FF7D43DFF3}.Release|Any CPU.ActiveCfg = Release|Any CPU
		{A2A8C4E5-F247-4F67-8BD3-36FF7D43DFF3}.Release|Any CPU.Build.0 = Release|Any CPU
	EndGlobalSection
	GlobalSection(SolutionProperties) = preSolution
		HideSolutionNode = FALSE
	EndGlobalSection
	GlobalSection(ExtensibilityGlobals) = postSolution
		SolutionGuid = {8CC95F63-3A3B-42B4-BDF9-F54D46C0D05F}
	EndGlobalSection
EndGlobal
